// !$*UTF8*$!
{
	archiveVersion = 1;
	classes = {
	};
	objectVersion = 46;
	objects = {

/* Begin PBXBuildFile section */
		46E87BFE146F46C600BC1608 /* HRCgUtil.m in Sources */ = {isa = PBXBuildFile; fileRef = 46E87BF9146F46C600BC1608 /* HRCgUtil.m */; };
		46E87BFF146F46C600BC1608 /* HRColorPickerView.m in Sources */ = {isa = PBXBuildFile; fileRef = 46E87BFB146F46C600BC1608 /* HRColorPickerView.m */; };
		46E87C00146F46C600BC1608 /* HRColorUtil.m in Sources */ = {isa = PBXBuildFile; fileRef = 46E87BFD146F46C600BC1608 /* HRColorUtil.m */; };
		46E87C03146F519F00BC1608 /* HRColorPickerViewController.m in Sources */ = {isa = PBXBuildFile; fileRef = 46E87C02146F519F00BC1608 /* HRColorPickerViewController.m */; };
		DA3CD22E148205F700492DF7 /* HRBrightnessCursor.m in Sources */ = {isa = PBXBuildFile; fileRef = DA3CD22D148205F700492DF7 /* HRBrightnessCursor.m */; };
		DA3CD2321482068B00492DF7 /* HRColorCursor.m in Sources */ = {isa = PBXBuildFile; fileRef = DA3CD2311482068B00492DF7 /* HRColorCursor.m */; };
		DA877C3214527BD000A0754C /* UIKit.framework in Frameworks */ = {isa = PBXBuildFile; fileRef = DA877C3114527BD000A0754C /* UIKit.framework */; };
		DA877C3414527BD000A0754C /* Foundation.framework in Frameworks */ = {isa = PBXBuildFile; fileRef = DA877C3314527BD000A0754C /* Foundation.framework */; };
		DA877C3614527BD000A0754C /* CoreGraphics.framework in Frameworks */ = {isa = PBXBuildFile; fileRef = DA877C3514527BD000A0754C /* CoreGraphics.framework */; };
		DA877C3C14527BD000A0754C /* InfoPlist.strings in Resources */ = {isa = PBXBuildFile; fileRef = DA877C3A14527BD000A0754C /* InfoPlist.strings */; };
		DA877C3E14527BD000A0754C /* main.m in Sources */ = {isa = PBXBuildFile; fileRef = DA877C3D14527BD000A0754C /* main.m */; };
		DA877C4214527BD000A0754C /* AppDelegate.m in Sources */ = {isa = PBXBuildFile; fileRef = DA877C4114527BD000A0754C /* AppDelegate.m */; };
		DA877C4F14527E2300A0754C /* SampleTopViewController.m in Sources */ = {isa = PBXBuildFile; fileRef = DA877C4E14527E2300A0754C /* SampleTopViewController.m */; };
		DA877C731452A1C500A0754C /* QuartzCore.framework in Frameworks */ = {isa = PBXBuildFile; fileRef = DA877C721452A1C500A0754C /* QuartzCore.framework */; };
/* End PBXBuildFile section */

/* Begin PBXFileReference section */
		46E87BF8146F46C600BC1608 /* HRCgUtil.h */ = {isa = PBXFileReference; fileEncoding = 4; lastKnownFileType = sourcecode.c.h; name = HRCgUtil.h; path = ../ColorPicker/HRCgUtil.h; sourceTree = "<group>"; };
		46E87BF9146F46C600BC1608 /* HRCgUtil.m */ = {isa = PBXFileReference; fileEncoding = 4; lastKnownFileType = sourcecode.c.objc; name = HRCgUtil.m; path = ../ColorPicker/HRCgUtil.m; sourceTree = "<group>"; };
		46E87BFA146F46C600BC1608 /* HRColorPickerView.h */ = {isa = PBXFileReference; fileEncoding = 4; lastKnownFileType = sourcecode.c.h; path = HRColorPickerView.h; sourceTree = "<group>"; };
		46E87BFB146F46C600BC1608 /* HRColorPickerView.m */ = {isa = PBXFileReference; fileEncoding = 4; lastKnownFileType = sourcecode.c.objc; path = HRColorPickerView.m; sourceTree = "<group>"; };
		46E87BFC146F46C600BC1608 /* HRColorUtil.h */ = {isa = PBXFileReference; fileEncoding = 4; lastKnownFileType = sourcecode.c.h; name = HRColorUtil.h; path = ../ColorPicker/HRColorUtil.h; sourceTree = "<group>"; };
		46E87BFD146F46C600BC1608 /* HRColorUtil.m */ = {isa = PBXFileReference; fileEncoding = 4; lastKnownFileType = sourcecode.c.objc; name = HRColorUtil.m; path = ../ColorPicker/HRColorUtil.m; sourceTree = "<group>"; };
		46E87C01146F519F00BC1608 /* HRColorPickerViewController.h */ = {isa = PBXFileReference; fileEncoding = 4; lastKnownFileType = sourcecode.c.h; path = HRColorPickerViewController.h; sourceTree = "<group>"; };
		46E87C02146F519F00BC1608 /* HRColorPickerViewController.m */ = {isa = PBXFileReference; fileEncoding = 4; lastKnownFileType = sourcecode.c.objc; path = HRColorPickerViewController.m; sourceTree = "<group>"; };
		46FD94B21475604400384FD7 /* Hayashi311ColorPickerSample-Info.plist */ = {isa = PBXFileReference; fileEncoding = 4; lastKnownFileType = text.plist.xml; path = "Hayashi311ColorPickerSample-Info.plist"; sourceTree = "<group>"; };
		46FD94B31475604400384FD7 /* Hayashi311ColorPickerSample-Prefix.pch */ = {isa = PBXFileReference; fileEncoding = 4; lastKnownFileType = sourcecode.c.h; path = "Hayashi311ColorPickerSample-Prefix.pch"; sourceTree = "<group>"; };
		DA3CD22C148205F700492DF7 /* HRBrightnessCursor.h */ = {isa = PBXFileReference; fileEncoding = 4; lastKnownFileType = sourcecode.c.h; path = HRBrightnessCursor.h; sourceTree = "<group>"; };
		DA3CD22D148205F700492DF7 /* HRBrightnessCursor.m */ = {isa = PBXFileReference; fileEncoding = 4; lastKnownFileType = sourcecode.c.objc; path = HRBrightnessCursor.m; sourceTree = "<group>"; };
		DA3CD2301482068B00492DF7 /* HRColorCursor.h */ = {isa = PBXFileReference; fileEncoding = 4; lastKnownFileType = sourcecode.c.h; path = HRColorCursor.h; sourceTree = "<group>"; };
		DA3CD2311482068B00492DF7 /* HRColorCursor.m */ = {isa = PBXFileReference; fileEncoding = 4; lastKnownFileType = sourcecode.c.objc; path = HRColorCursor.m; sourceTree = "<group>"; };
		DA877C2D14527BD000A0754C /* Hayashi311ColorPickerSample.app */ = {isa = PBXFileReference; explicitFileType = wrapper.application; includeInIndex = 0; path = Hayashi311ColorPickerSample.app; sourceTree = BUILT_PRODUCTS_DIR; };
		DA877C3114527BD000A0754C /* UIKit.framework */ = {isa = PBXFileReference; lastKnownFileType = wrapper.framework; name = UIKit.framework; path = System/Library/Frameworks/UIKit.framework; sourceTree = SDKROOT; };
		DA877C3314527BD000A0754C /* Foundation.framework */ = {isa = PBXFileReference; lastKnownFileType = wrapper.framework; name = Foundation.framework; path = System/Library/Frameworks/Foundation.framework; sourceTree = SDKROOT; };
		DA877C3514527BD000A0754C /* CoreGraphics.framework */ = {isa = PBXFileReference; lastKnownFileType = wrapper.framework; name = CoreGraphics.framework; path = System/Library/Frameworks/CoreGraphics.framework; sourceTree = SDKROOT; };
		DA877C3B14527BD000A0754C /* en */ = {isa = PBXFileReference; lastKnownFileType = text.plist.strings; name = en; path = en.lproj/InfoPlist.strings; sourceTree = "<group>"; };
		DA877C3D14527BD000A0754C /* main.m */ = {isa = PBXFileReference; lastKnownFileType = sourcecode.c.objc; path = main.m; sourceTree = "<group>"; };
		DA877C4014527BD000A0754C /* AppDelegate.h */ = {isa = PBXFileReference; lastKnownFileType = sourcecode.c.h; path = AppDelegate.h; sourceTree = "<group>"; };
		DA877C4114527BD000A0754C /* AppDelegate.m */ = {isa = PBXFileReference; lastKnownFileType = sourcecode.c.objc; path = AppDelegate.m; sourceTree = "<group>"; };
		DA877C4D14527E2300A0754C /* SampleTopViewController.h */ = {isa = PBXFileReference; fileEncoding = 4; lastKnownFileType = sourcecode.c.h; path = SampleTopViewController.h; sourceTree = "<group>"; };
		DA877C4E14527E2300A0754C /* SampleTopViewController.m */ = {isa = PBXFileReference; fileEncoding = 4; lastKnownFileType = sourcecode.c.objc; path = SampleTopViewController.m; sourceTree = "<group>"; };
		DA877C721452A1C500A0754C /* QuartzCore.framework */ = {isa = PBXFileReference; lastKnownFileType = wrapper.framework; name = QuartzCore.framework; path = System/Library/Frameworks/QuartzCore.framework; sourceTree = SDKROOT; };
/* End PBXFileReference section */

/* Begin PBXFrameworksBuildPhase section */
		DA877C2A14527BD000A0754C /* Frameworks */ = {
			isa = PBXFrameworksBuildPhase;
			buildActionMask = 2147483647;
			files = (
				DA877C731452A1C500A0754C /* QuartzCore.framework in Frameworks */,
				DA877C3214527BD000A0754C /* UIKit.framework in Frameworks */,
				DA877C3414527BD000A0754C /* Foundation.framework in Frameworks */,
				DA877C3614527BD000A0754C /* CoreGraphics.framework in Frameworks */,
			);
			runOnlyForDeploymentPostprocessing = 0;
		};
/* End PBXFrameworksBuildPhase section */

/* Begin PBXGroup section */
		46E87BF7146F46C600BC1608 /* ColorPicker */ = {
			isa = PBXGroup;
			children = (
				46E87C01146F519F00BC1608 /* HRColorPickerViewController.h */,
				46E87C02146F519F00BC1608 /* HRColorPickerViewController.m */,
				46E87BF8146F46C600BC1608 /* HRCgUtil.h */,
				46E87BF9146F46C600BC1608 /* HRCgUtil.m */,
				46E87BFA146F46C600BC1608 /* HRColorPickerView.h */,
				46E87BFB146F46C600BC1608 /* HRColorPickerView.m */,
				46E87BFC146F46C600BC1608 /* HRColorUtil.h */,
				46E87BFD146F46C600BC1608 /* HRColorUtil.m */,
				DA3CD22C148205F700492DF7 /* HRBrightnessCursor.h */,
				DA3CD22D148205F700492DF7 /* HRBrightnessCursor.m */,
				DA3CD2301482068B00492DF7 /* HRColorCursor.h */,
				DA3CD2311482068B00492DF7 /* HRColorCursor.m */,
			);
			name = ColorPicker;
			path = ../../ColorPicker;
			sourceTree = "<group>";
		};
		DA877C2214527BD000A0754C = {
			isa = PBXGroup;
			children = (
				DA877C3714527BD000A0754C /* Sample */,
				DA877C3014527BD000A0754C /* Frameworks */,
				DA877C2E14527BD000A0754C /* Products */,
			);
			sourceTree = "<group>";
		};
		DA877C2E14527BD000A0754C /* Products */ = {
			isa = PBXGroup;
			children = (
				DA877C2D14527BD000A0754C /* Hayashi311ColorPickerSample.app */,
			);
			name = Products;
			sourceTree = "<group>";
		};
		DA877C3014527BD000A0754C /* Frameworks */ = {
			isa = PBXGroup;
			children = (
				DA877C721452A1C500A0754C /* QuartzCore.framework */,
				DA877C3114527BD000A0754C /* UIKit.framework */,
				DA877C3314527BD000A0754C /* Foundation.framework */,
				DA877C3514527BD000A0754C /* CoreGraphics.framework */,
			);
			name = Frameworks;
			sourceTree = "<group>";
		};
		DA877C3714527BD000A0754C /* Sample */ = {
			isa = PBXGroup;
			children = (
				46E87BF7146F46C600BC1608 /* ColorPicker */,
				DA877C4014527BD000A0754C /* AppDelegate.h */,
				DA877C4114527BD000A0754C /* AppDelegate.m */,
				DA877C4914527C2500A0754C /* Classes */,
				DA877C3814527BD000A0754C /* Supporting Files */,
			);
			name = Sample;
			path = Hayashi311ColorPickerSample;
			sourceTree = "<group>";
		};
		DA877C3814527BD000A0754C /* Supporting Files */ = {
			isa = PBXGroup;
			children = (
				46FD94B21475604400384FD7 /* Hayashi311ColorPickerSample-Info.plist */,
				46FD94B31475604400384FD7 /* Hayashi311ColorPickerSample-Prefix.pch */,
				DA877C3A14527BD000A0754C /* InfoPlist.strings */,
				DA877C3D14527BD000A0754C /* main.m */,
			);
			name = "Supporting Files";
			sourceTree = "<group>";
		};
		DA877C4914527C2500A0754C /* Classes */ = {
			isa = PBXGroup;
			children = (
				DA877C4D14527E2300A0754C /* SampleTopViewController.h */,
				DA877C4E14527E2300A0754C /* SampleTopViewController.m */,
			);
			name = Classes;
			sourceTree = "<group>";
		};
/* End PBXGroup section */

/* Begin PBXNativeTarget section */
		DA877C2C14527BD000A0754C /* Hayashi311ColorPickerSample */ = {
			isa = PBXNativeTarget;
			buildConfigurationList = DA877C4514527BD000A0754C /* Build configuration list for PBXNativeTarget "Hayashi311ColorPickerSample" */;
			buildPhases = (
				DA877C2914527BD000A0754C /* Sources */,
				DA877C2A14527BD000A0754C /* Frameworks */,
				DA877C2B14527BD000A0754C /* Resources */,
			);
			buildRules = (
			);
			dependencies = (
			);
			name = Hayashi311ColorPickerSample;
			productName = hayashi311ColorPicker;
			productReference = DA877C2D14527BD000A0754C /* Hayashi311ColorPickerSample.app */;
			productType = "com.apple.product-type.application";
		};
/* End PBXNativeTarget section */

/* Begin PBXProject section */
		DA877C2414527BD000A0754C /* Project object */ = {
			isa = PBXProject;
			attributes = {
				LastUpgradeCheck = 0420;
				ORGANIZATIONNAME = "Hayashi Ryota";
			};
			buildConfigurationList = DA877C2714527BD000A0754C /* Build configuration list for PBXProject "Hayashi311ColorPickerSample" */;
			compatibilityVersion = "Xcode 3.2";
			developmentRegion = English;
			hasScannedForEncodings = 0;
			knownRegions = (
				en,
			);
			mainGroup = DA877C2214527BD000A0754C;
			productRefGroup = DA877C2E14527BD000A0754C /* Products */;
			projectDirPath = "";
			projectRoot = "";
			targets = (
				DA877C2C14527BD000A0754C /* Hayashi311ColorPickerSample */,
			);
		};
/* End PBXProject section */

/* Begin PBXResourcesBuildPhase section */
		DA877C2B14527BD000A0754C /* Resources */ = {
			isa = PBXResourcesBuildPhase;
			buildActionMask = 2147483647;
			files = (
				DA877C3C14527BD000A0754C /* InfoPlist.strings in Resources */,
			);
			runOnlyForDeploymentPostprocessing = 0;
		};
/* End PBXResourcesBuildPhase section */

/* Begin PBXSourcesBuildPhase section */
		DA877C2914527BD000A0754C /* Sources */ = {
			isa = PBXSourcesBuildPhase;
			buildActionMask = 2147483647;
			files = (
				DA877C3E14527BD000A0754C /* main.m in Sources */,
				DA877C4214527BD000A0754C /* AppDelegate.m in Sources */,
				DA877C4F14527E2300A0754C /* SampleTopViewController.m in Sources */,
				46E87BFE146F46C600BC1608 /* HRCgUtil.m in Sources */,
				46E87BFF146F46C600BC1608 /* HRColorPickerView.m in Sources */,
				46E87C00146F46C600BC1608 /* HRColorUtil.m in Sources */,
				46E87C03146F519F00BC1608 /* HRColorPickerViewController.m in Sources */,
				DA3CD22E148205F700492DF7 /* HRBrightnessCursor.m in Sources */,
				DA3CD2321482068B00492DF7 /* HRColorCursor.m in Sources */,
			);
			runOnlyForDeploymentPostprocessing = 0;
		};
/* End PBXSourcesBuildPhase section */

/* Begin PBXVariantGroup section */
		DA877C3A14527BD000A0754C /* InfoPlist.strings */ = {
			isa = PBXVariantGroup;
			children = (
				DA877C3B14527BD000A0754C /* en */,
			);
			name = InfoPlist.strings;
			sourceTree = "<group>";
		};
/* End PBXVariantGroup section */

/* Begin XCBuildConfiguration section */
		DA877C4314527BD000A0754C /* Debug */ = {
			isa = XCBuildConfiguration;
			buildSettings = {
				ALWAYS_SEARCH_USER_PATHS = NO;
				ARCHS = "$(ARCHS_STANDARD_32_BIT)";
				"CODE_SIGN_IDENTITY[sdk=iphoneos*]" = "iPhone Developer";
				COPY_PHASE_STRIP = NO;
				GCC_C_LANGUAGE_STANDARD = gnu99;
				GCC_DYNAMIC_NO_PIC = NO;
				GCC_OPTIMIZATION_LEVEL = 0;
				GCC_PREPROCESSOR_DEFINITIONS = (
					"DEBUG=1",
					"$(inherited)",
				);
				GCC_SYMBOLS_PRIVATE_EXTERN = NO;
				GCC_VERSION = com.apple.compilers.llvm.clang.1_0;
				GCC_WARN_ABOUT_MISSING_PROTOTYPES = YES;
				GCC_WARN_ABOUT_RETURN_TYPE = YES;
				GCC_WARN_UNUSED_VARIABLE = YES;
				IPHONEOS_DEPLOYMENT_TARGET = 5.0;
				SDKROOT = iphoneos;
			};
			name = Debug;
		};
		DA877C4414527BD000A0754C /* Release */ = {
			isa = XCBuildConfiguration;
			buildSettings = {
				ALWAYS_SEARCH_USER_PATHS = NO;
				ARCHS = "$(ARCHS_STANDARD_32_BIT)";
				"CODE_SIGN_IDENTITY[sdk=iphoneos*]" = "iPhone Developer";
				COPY_PHASE_STRIP = YES;
				GCC_C_LANGUAGE_STANDARD = gnu99;
				GCC_VERSION = com.apple.compilers.llvm.clang.1_0;
				GCC_WARN_ABOUT_MISSING_PROTOTYPES = YES;
				GCC_WARN_ABOUT_RETURN_TYPE = YES;
				GCC_WARN_UNUSED_VARIABLE = YES;
				IPHONEOS_DEPLOYMENT_TARGET = 5.0;
				OTHER_CFLAGS = "-DNS_BLOCK_ASSERTIONS=1";
				SDKROOT = iphoneos;
				VALIDATE_PRODUCT = YES;
			};
			name = Release;
		};
		DA877C4614527BD000A0754C /* Debug */ = {
			isa = XCBuildConfiguration;
			buildSettings = {
				CLANG_ENABLE_OBJC_ARC = YES;
				GCC_PRECOMPILE_PREFIX_HEADER = YES;
				GCC_PREFIX_HEADER = "Hayashi311ColorPickerSample/Hayashi311ColorPickerSample-Prefix.pch";
				INFOPLIST_FILE = "Hayashi311ColorPickerSample/Hayashi311ColorPickerSample-Info.plist";
				PRODUCT_NAME = Hayashi311ColorPickerSample;
				WRAPPER_EXTENSION = app;
			};
			name = Debug;
		};
		DA877C4714527BD000A0754C /* Release */ = {
			isa = XCBuildConfiguration;
			buildSettings = {
				CLANG_ENABLE_OBJC_ARC = YES;
				GCC_PRECOMPILE_PREFIX_HEADER = YES;
				GCC_PREFIX_HEADER = "Hayashi311ColorPickerSample/Hayashi311ColorPickerSample-Prefix.pch";
				INFOPLIST_FILE = "Hayashi311ColorPickerSample/Hayashi311ColorPickerSample-Info.plist";
				PRODUCT_NAME = Hayashi311ColorPickerSample;
				WRAPPER_EXTENSION = app;
			};
			name = Release;
		};
/* End XCBuildConfiguration section */

/* Begin XCConfigurationList section */
		DA877C2714527BD000A0754C /* Build configuration list for PBXProject "Hayashi311ColorPickerSample" */ = {
			isa = XCConfigurationList;
			buildConfigurations = (
				DA877C4314527BD000A0754C /* Debug */,
				DA877C4414527BD000A0754C /* Release */,
			);
			defaultConfigurationIsVisible = 0;
			defaultConfigurationName = Release;
		};
		DA877C4514527BD000A0754C /* Build configuration list for PBXNativeTarget "Hayashi311ColorPickerSample" */ = {
			isa = XCConfigurationList;
			buildConfigurations = (
				DA877C4614527BD000A0754C /* Debug */,
				DA877C4714527BD000A0754C /* Release */,
			);
			defaultConfigurationIsVisible = 0;
			defaultConfigurationName = Release;
		};
/* End XCConfigurationList section */
	};
	rootObject = DA877C2414527BD000A0754C /* Project object */;
}
