// !$*UTF8*$!
{
	archiveVersion = 1;
	classes = {
	};
	objectVersion = 48;
	objects = {

/* Begin PBXBuildFile section */
		665127FF1FD874550093B538 /* HRBrightnessCursor.m in Sources */ = {isa = PBXBuildFile; fileRef = 665127EF1FD874540093B538 /* HRBrightnessCursor.m */; };
		665128001FD874550093B538 /* HRColorMapView.m in Sources */ = {isa = PBXBuildFile; fileRef = 665127F01FD874540093B538 /* HRColorMapView.m */; };
		665128011FD874550093B538 /* HRColorCursor.h in Headers */ = {isa = PBXBuildFile; fileRef = 665127F11FD874540093B538 /* HRColorCursor.h */; };
		665128021FD874550093B538 /* HRColorMapView.h in Headers */ = {isa = PBXBuildFile; fileRef = 665127F21FD874540093B538 /* HRColorMapView.h */; };
		665128031FD874550093B538 /* HRHSVColorUtil.h in Headers */ = {isa = PBXBuildFile; fileRef = 665127F31FD874540093B538 /* HRHSVColorUtil.h */; };
		665128041FD874550093B538 /* HRBrightnessSlider.h in Headers */ = {isa = PBXBuildFile; fileRef = 665127F41FD874540093B538 /* HRBrightnessSlider.h */; };
		665128051FD874550093B538 /* HRBrightnessSlider.m in Sources */ = {isa = PBXBuildFile; fileRef = 665127F51FD874540093B538 /* HRBrightnessSlider.m */; };
		665128061FD874550093B538 /* HRColorInfoView.h in Headers */ = {isa = PBXBuildFile; fileRef = 665127F61FD874540093B538 /* HRColorInfoView.h */; };
		665128071FD874550093B538 /* HRColorCursor.m in Sources */ = {isa = PBXBuildFile; fileRef = 665127F71FD874540093B538 /* HRColorCursor.m */; };
		665128081FD874550093B538 /* UIImage+CoreGraphics.h in Headers */ = {isa = PBXBuildFile; fileRef = 665127F81FD874540093B538 /* UIImage+CoreGraphics.h */; };
		665128091FD874550093B538 /* HRColorPickerView.h in Headers */ = {isa = PBXBuildFile; fileRef = 665127F91FD874540093B538 /* HRColorPickerView.h */; };
		6651280A1FD874550093B538 /* HRBrightnessCursor.h in Headers */ = {isa = PBXBuildFile; fileRef = 665127FA1FD874540093B538 /* HRBrightnessCursor.h */; };
		6651280B1FD874550093B538 /* HRColorInfoView.m in Sources */ = {isa = PBXBuildFile; fileRef = 665127FB1FD874540093B538 /* HRColorInfoView.m */; };
		6651280C1FD874550093B538 /* HRHSVColorUtil.m in Sources */ = {isa = PBXBuildFile; fileRef = 665127FC1FD874540093B538 /* HRHSVColorUtil.m */; };
		6651280D1FD874550093B538 /* UIImage+CoreGraphics.m in Sources */ = {isa = PBXBuildFile; fileRef = 665127FD1FD874550093B538 /* UIImage+CoreGraphics.m */; };
		6651280E1FD874550093B538 /* HRColorPickerView.m in Sources */ = {isa = PBXBuildFile; fileRef = 665127FE1FD874550093B538 /* HRColorPickerView.m */; };
		66C8E0A31FD867DD009485CC /* HRColorPicker.h in Headers */ = {isa = PBXBuildFile; fileRef = 66C8E0A11FD867DD009485CC /* HRColorPicker.h */; settings = {ATTRIBUTES = (Public, ); }; };
/* End PBXBuildFile section */

/* Begin PBXFileReference section */
		665127EF1FD874540093B538 /* HRBrightnessCursor.m */ = {isa = PBXFileReference; fileEncoding = 4; lastKnownFileType = sourcecode.c.objc; path = HRBrightnessCursor.m; sourceTree = "<group>"; };
		665127F01FD874540093B538 /* HRColorMapView.m */ = {isa = PBXFileReference; fileEncoding = 4; lastKnownFileType = sourcecode.c.objc; path = HRColorMapView.m; sourceTree = "<group>"; };
		665127F11FD874540093B538 /* HRColorCursor.h */ = {isa = PBXFileReference; fileEncoding = 4; lastKnownFileType = sourcecode.c.h; path = HRColorCursor.h; sourceTree = "<group>"; };
		665127F21FD874540093B538 /* HRColorMapView.h */ = {isa = PBXFileReference; fileEncoding = 4; lastKnownFileType = sourcecode.c.h; path = HRColorMapView.h; sourceTree = "<group>"; };
		665127F31FD874540093B538 /* HRHSVColorUtil.h */ = {isa = PBXFileReference; fileEncoding = 4; lastKnownFileType = sourcecode.c.h; path = HRHSVColorUtil.h; sourceTree = "<group>"; };
		665127F41FD874540093B538 /* HRBrightnessSlider.h */ = {isa = PBXFileReference; fileEncoding = 4; lastKnownFileType = sourcecode.c.h; path = HRBrightnessSlider.h; sourceTree = "<group>"; };
		665127F51FD874540093B538 /* HRBrightnessSlider.m */ = {isa = PBXFileReference; fileEncoding = 4; lastKnownFileType = sourcecode.c.objc; path = HRBrightnessSlider.m; sourceTree = "<group>"; };
		665127F61FD874540093B538 /* HRColorInfoView.h */ = {isa = PBXFileReference; fileEncoding = 4; lastKnownFileType = sourcecode.c.h; path = HRColorInfoView.h; sourceTree = "<group>"; };
		665127F71FD874540093B538 /* HRColorCursor.m */ = {isa = PBXFileReference; fileEncoding = 4; lastKnownFileType = sourcecode.c.objc; path = HRColorCursor.m; sourceTree = "<group>"; };
		665127F81FD874540093B538 /* UIImage+CoreGraphics.h */ = {isa = PBXFileReference; fileEncoding = 4; lastKnownFileType = sourcecode.c.h; path = "UIImage+CoreGraphics.h"; sourceTree = "<group>"; };
		665127F91FD874540093B538 /* HRColorPickerView.h */ = {isa = PBXFileReference; fileEncoding = 4; lastKnownFileType = sourcecode.c.h; path = HRColorPickerView.h; sourceTree = "<group>"; };
		665127FA1FD874540093B538 /* HRBrightnessCursor.h */ = {isa = PBXFileReference; fileEncoding = 4; lastKnownFileType = sourcecode.c.h; path = HRBrightnessCursor.h; sourceTree = "<group>"; };
		665127FB1FD874540093B538 /* HRColorInfoView.m */ = {isa = PBXFileReference; fileEncoding = 4; lastKnownFileType = sourcecode.c.objc; path = HRColorInfoView.m; sourceTree = "<group>"; };
		665127FC1FD874540093B538 /* HRHSVColorUtil.m */ = {isa = PBXFileReference; fileEncoding = 4; lastKnownFileType = sourcecode.c.objc; path = HRHSVColorUtil.m; sourceTree = "<group>"; };
		665127FD1FD874550093B538 /* UIImage+CoreGraphics.m */ = {isa = PBXFileReference; fileEncoding = 4; lastKnownFileType = sourcecode.c.objc; path = "UIImage+CoreGraphics.m"; sourceTree = "<group>"; };
		665127FE1FD874550093B538 /* HRColorPickerView.m */ = {isa = PBXFileReference; fileEncoding = 4; lastKnownFileType = sourcecode.c.objc; path = HRColorPickerView.m; sourceTree = "<group>"; };
		66C8E09E1FD867DD009485CC /* HRColorPicker.framework */ = {isa = PBXFileReference; explicitFileType = wrapper.framework; includeInIndex = 0; path = HRColorPicker.framework; sourceTree = BUILT_PRODUCTS_DIR; };
		66C8E0A11FD867DD009485CC /* HRColorPicker.h */ = {isa = PBXFileReference; lastKnownFileType = sourcecode.c.h; path = HRColorPicker.h; sourceTree = "<group>"; };
		66C8E0A21FD867DD009485CC /* Info.plist */ = {isa = PBXFileReference; lastKnownFileType = text.plist.xml; path = Info.plist; sourceTree = "<group>"; };
/* End PBXFileReference section */

/* Begin PBXFrameworksBuildPhase section */
		66C8E09A1FD867DD009485CC /* Frameworks */ = {
			isa = PBXFrameworksBuildPhase;
			buildActionMask = 2147483647;
			files = (
			);
			runOnlyForDeploymentPostprocessing = 0;
		};
/* End PBXFrameworksBuildPhase section */

/* Begin PBXGroup section */
		66C8E0941FD867DD009485CC = {
			isa = PBXGroup;
			children = (
				66C8E0A01FD867DD009485CC /* HRColorPicker */,
				66C8E09F1FD867DD009485CC /* Products */,
			);
			sourceTree = "<group>";
		};
		66C8E09F1FD867DD009485CC /* Products */ = {
			isa = PBXGroup;
			children = (
				66C8E09E1FD867DD009485CC /* HRColorPicker.framework */,
			);
			name = Products;
			sourceTree = "<group>";
		};
		66C8E0A01FD867DD009485CC /* HRColorPicker */ = {
			isa = PBXGroup;
			children = (
				665127FA1FD874540093B538 /* HRBrightnessCursor.h */,
				665127EF1FD874540093B538 /* HRBrightnessCursor.m */,
				665127F41FD874540093B538 /* HRBrightnessSlider.h */,
				665127F51FD874540093B538 /* HRBrightnessSlider.m */,
				665127F11FD874540093B538 /* HRColorCursor.h */,
				665127F71FD874540093B538 /* HRColorCursor.m */,
				665127F61FD874540093B538 /* HRColorInfoView.h */,
				665127FB1FD874540093B538 /* HRColorInfoView.m */,
				665127F21FD874540093B538 /* HRColorMapView.h */,
				665127F01FD874540093B538 /* HRColorMapView.m */,
				66C8E0A11FD867DD009485CC /* HRColorPicker.h */,
				665127F91FD874540093B538 /* HRColorPickerView.h */,
				665127FE1FD874550093B538 /* HRColorPickerView.m */,
				665127F31FD874540093B538 /* HRHSVColorUtil.h */,
				665127FC1FD874540093B538 /* HRHSVColorUtil.m */,
				66C8E0A21FD867DD009485CC /* Info.plist */,
				665127F81FD874540093B538 /* UIImage+CoreGraphics.h */,
				665127FD1FD874550093B538 /* UIImage+CoreGraphics.m */,
			);
			path = HRColorPicker;
			sourceTree = "<group>";
		};
/* End PBXGroup section */

/* Begin PBXHeadersBuildPhase section */
		66C8E09B1FD867DD009485CC /* Headers */ = {
			isa = PBXHeadersBuildPhase;
			buildActionMask = 2147483647;
			files = (
				665128041FD874550093B538 /* HRBrightnessSlider.h in Headers */,
				665128081FD874550093B538 /* UIImage+CoreGraphics.h in Headers */,
				665128061FD874550093B538 /* HRColorInfoView.h in Headers */,
				665128091FD874550093B538 /* HRColorPickerView.h in Headers */,
				665128011FD874550093B538 /* HRColorCursor.h in Headers */,
				66C8E0A31FD867DD009485CC /* HRColorPicker.h in Headers */,
				665128031FD874550093B538 /* HRHSVColorUtil.h in Headers */,
				6651280A1FD874550093B538 /* HRBrightnessCursor.h in Headers */,
				665128021FD874550093B538 /* HRColorMapView.h in Headers */,
			);
			runOnlyForDeploymentPostprocessing = 0;
		};
/* End PBXHeadersBuildPhase section */

/* Begin PBXNativeTarget section */
		66C8E09D1FD867DD009485CC /* HRColorPicker */ = {
			isa = PBXNativeTarget;
			buildConfigurationList = 66C8E0A61FD867DD009485CC /* Build configuration list for PBXNativeTarget "HRColorPicker" */;
			buildPhases = (
				66C8E0991FD867DD009485CC /* Sources */,
				66C8E09A1FD867DD009485CC /* Frameworks */,
				66C8E09B1FD867DD009485CC /* Headers */,
				66C8E09C1FD867DD009485CC /* Resources */,
			);
			buildRules = (
			);
			dependencies = (
			);
			name = HRColorPicker;
			productName = HRColorPicker;
			productReference = 66C8E09E1FD867DD009485CC /* HRColorPicker.framework */;
			productType = "com.apple.product-type.framework";
		};
/* End PBXNativeTarget section */

/* Begin PBXProject section */
		66C8E0951FD867DD009485CC /* Project object */ = {
			isa = PBXProject;
			attributes = {
				LastUpgradeCheck = 0920;
				TargetAttributes = {
					66C8E09D1FD867DD009485CC = {
						CreatedOnToolsVersion = 9.2;
						ProvisioningStyle = Automatic;
					};
				};
			};
			buildConfigurationList = 66C8E0981FD867DD009485CC /* Build configuration list for PBXProject "HRColorPicker" */;
			compatibilityVersion = "Xcode 8.0";
			developmentRegion = en;
			hasScannedForEncodings = 0;
			knownRegions = (
				en,
			);
			mainGroup = 66C8E0941FD867DD009485CC;
			productRefGroup = 66C8E09F1FD867DD009485CC /* Products */;
			projectDirPath = "";
			projectRoot = "";
			targets = (
				66C8E09D1FD867DD009485CC /* HRColorPicker */,
			);
		};
/* End PBXProject section */

/* Begin PBXResourcesBuildPhase section */
		66C8E09C1FD867DD009485CC /* Resources */ = {
			isa = PBXResourcesBuildPhase;
			buildActionMask = 2147483647;
			files = (
			);
			runOnlyForDeploymentPostprocessing = 0;
		};
/* End PBXResourcesBuildPhase section */

/* Begin PBXSourcesBuildPhase section */
		66C8E0991FD867DD009485CC /* Sources */ = {
			isa = PBXSourcesBuildPhase;
			buildActionMask = 2147483647;
			files = (
				6651280E1FD874550093B538 /* HRColorPickerView.m in Sources */,
				665127FF1FD874550093B538 /* HRBrightnessCursor.m in Sources */,
				6651280C1FD874550093B538 /* HRHSVColorUtil.m in Sources */,
				6651280D1FD874550093B538 /* UIImage+CoreGraphics.m in Sources */,
				665128071FD874550093B538 /* HRColorCursor.m in Sources */,
				6651280B1FD874550093B538 /* HRColorInfoView.m in Sources */,
				665128001FD874550093B538 /* HRColorMapView.m in Sources */,
				665128051FD874550093B538 /* HRBrightnessSlider.m in Sources */,
			);
			runOnlyForDeploymentPostprocessing = 0;
		};
/* End PBXSourcesBuildPhase section */

/* Begin XCBuildConfiguration section */
		66C8E0A41FD867DD009485CC /* Debug */ = {
			isa = XCBuildConfiguration;
			buildSettings = {
				ALWAYS_SEARCH_USER_PATHS = NO;
				CLANG_ANALYZER_NONNULL = YES;
				CLANG_ANALYZER_NUMBER_OBJECT_CONVERSION = YES_AGGRESSIVE;
				CLANG_CXX_LANGUAGE_STANDARD = "gnu++14";
				CLANG_CXX_LIBRARY = "libc++";
				CLANG_ENABLE_MODULES = YES;
				CLANG_ENABLE_OBJC_ARC = YES;
				CLANG_WARN_BLOCK_CAPTURE_AUTORELEASING = YES;
				CLANG_WARN_BOOL_CONVERSION = YES;
				CLANG_WARN_COMMA = YES;
				CLANG_WARN_CONSTANT_CONVERSION = YES;
				CLANG_WARN_DIRECT_OBJC_ISA_USAGE = YES_ERROR;
				CLANG_WARN_DOCUMENTATION_COMMENTS = YES;
				CLANG_WARN_EMPTY_BODY = YES;
				CLANG_WARN_ENUM_CONVERSION = YES;
				CLANG_WARN_INFINITE_RECURSION = YES;
				CLANG_WARN_INT_CONVERSION = YES;
				CLANG_WARN_NON_LITERAL_NULL_CONVERSION = YES;
				CLANG_WARN_OBJC_LITERAL_CONVERSION = YES;
				CLANG_WARN_OBJC_ROOT_CLASS = YES_ERROR;
				CLANG_WARN_RANGE_LOOP_ANALYSIS = YES;
				CLANG_WARN_STRICT_PROTOTYPES = YES;
				CLANG_WARN_SUSPICIOUS_MOVE = YES;
				CLANG_WARN_UNGUARDED_AVAILABILITY = YES_AGGRESSIVE;
				CLANG_WARN_UNREACHABLE_CODE = YES;
				CLANG_WARN__DUPLICATE_METHOD_MATCH = YES;
				CODE_SIGN_IDENTITY = "iPhone Developer";
				COPY_PHASE_STRIP = NO;
				CURRENT_PROJECT_VERSION = 1;
				DEBUG_INFORMATION_FORMAT = dwarf;
				ENABLE_STRICT_OBJC_MSGSEND = YES;
				ENABLE_TESTABILITY = YES;
				GCC_C_LANGUAGE_STANDARD = gnu11;
				GCC_DYNAMIC_NO_PIC = NO;
				GCC_NO_COMMON_BLOCKS = YES;
				GCC_OPTIMIZATION_LEVEL = 0;
				GCC_PREPROCESSOR_DEFINITIONS = (
					"DEBUG=1",
					"$(inherited)",
				);
				GCC_WARN_64_TO_32_BIT_CONVERSION = YES;
				GCC_WARN_ABOUT_RETURN_TYPE = YES_ERROR;
				GCC_WARN_UNDECLARED_SELECTOR = YES;
				GCC_WARN_UNINITIALIZED_AUTOS = YES_AGGRESSIVE;
				GCC_WARN_UNUSED_FUNCTION = YES;
				GCC_WARN_UNUSED_VARIABLE = YES;
				IPHONEOS_DEPLOYMENT_TARGET = 11.2;
				MTL_ENABLE_DEBUG_INFO = YES;
				ONLY_ACTIVE_ARCH = YES;
				SDKROOT = iphoneos;
				VERSIONING_SYSTEM = "apple-generic";
				VERSION_INFO_PREFIX = "";
			};
			name = Debug;
		};
		66C8E0A51FD867DD009485CC /* Release */ = {
			isa = XCBuildConfiguration;
			buildSettings = {
				ALWAYS_SEARCH_USER_PATHS = NO;
				CLANG_ANALYZER_NONNULL = YES;
				CLANG_ANALYZER_NUMBER_OBJECT_CONVERSION = YES_AGGRESSIVE;
				CLANG_CXX_LANGUAGE_STANDARD = "gnu++14";
				CLANG_CXX_LIBRARY = "libc++";
				CLANG_ENABLE_MODULES = YES;
				CLANG_ENABLE_OBJC_ARC = YES;
				CLANG_WARN_BLOCK_CAPTURE_AUTORELEASING = YES;
				CLANG_WARN_BOOL_CONVERSION = YES;
				CLANG_WARN_COMMA = YES;
				CLANG_WARN_CONSTANT_CONVERSION = YES;
				CLANG_WARN_DIRECT_OBJC_ISA_USAGE = YES_ERROR;
				CLANG_WARN_DOCUMENTATION_COMMENTS = YES;
				CLANG_WARN_EMPTY_BODY = YES;
				CLANG_WARN_ENUM_CONVERSION = YES;
				CLANG_WARN_INFINITE_RECURSION = YES;
				CLANG_WARN_INT_CONVERSION = YES;
				CLANG_WARN_NON_LITERAL_NULL_CONVERSION = YES;
				CLANG_WARN_OBJC_LITERAL_CONVERSION = YES;
				CLANG_WARN_OBJC_ROOT_CLASS = YES_ERROR;
				CLANG_WARN_RANGE_LOOP_ANALYSIS = YES;
				CLANG_WARN_STRICT_PROTOTYPES = YES;
				CLANG_WARN_SUSPICIOUS_MOVE = YES;
				CLANG_WARN_UNGUARDED_AVAILABILITY = YES_AGGRESSIVE;
				CLANG_WARN_UNREACHABLE_CODE = YES;
				CLANG_WARN__DUPLICATE_METHOD_MATCH = YES;
				CODE_SIGN_IDENTITY = "iPhone Developer";
				COPY_PHASE_STRIP = NO;
				CURRENT_PROJECT_VERSION = 1;
				DEBUG_INFORMATION_FORMAT = "dwarf-with-dsym";
				ENABLE_NS_ASSERTIONS = NO;
				ENABLE_STRICT_OBJC_MSGSEND = YES;
				GCC_C_LANGUAGE_STANDARD = gnu11;
				GCC_NO_COMMON_BLOCKS = YES;
				GCC_WARN_64_TO_32_BIT_CONVERSION = YES;
				GCC_WARN_ABOUT_RETURN_TYPE = YES_ERROR;
				GCC_WARN_UNDECLARED_SELECTOR = YES;
				GCC_WARN_UNINITIALIZED_AUTOS = YES_AGGRESSIVE;
				GCC_WARN_UNUSED_FUNCTION = YES;
				GCC_WARN_UNUSED_VARIABLE = YES;
				IPHONEOS_DEPLOYMENT_TARGET = 11.2;
				MTL_ENABLE_DEBUG_INFO = NO;
				SDKROOT = iphoneos;
				VALIDATE_PRODUCT = YES;
				VERSIONING_SYSTEM = "apple-generic";
				VERSION_INFO_PREFIX = "";
			};
			name = Release;
		};
		66C8E0A71FD867DD009485CC /* Debug */ = {
			isa = XCBuildConfiguration;
			buildSettings = {
				CODE_SIGN_IDENTITY = "";
				CODE_SIGN_STYLE = Automatic;
				DEFINES_MODULE = YES;
				DYLIB_COMPATIBILITY_VERSION = 1;
				DYLIB_CURRENT_VERSION = 1;
				DYLIB_INSTALL_NAME_BASE = "@rpath";
				INFOPLIST_FILE = HRColorPicker/Info.plist;
				INSTALL_PATH = "$(LOCAL_LIBRARY_DIR)/Frameworks";
				LD_RUNPATH_SEARCH_PATHS = "$(inherited) @executable_path/Frameworks @loader_path/Frameworks";
				PRODUCT_BUNDLE_IDENTIFIER = com.hayashi311.HRColorPicker;
				PRODUCT_NAME = "$(TARGET_NAME:c99extidentifier)";
				SKIP_INSTALL = YES;
				TARGETED_DEVICE_FAMILY = "1,2";
			};
			name = Debug;
		};
		66C8E0A81FD867DD009485CC /* Release */ = {
			isa = XCBuildConfiguration;
			buildSettings = {
				CODE_SIGN_IDENTITY = "";
				CODE_SIGN_STYLE = Automatic;
				DEFINES_MODULE = YES;
				DYLIB_COMPATIBILITY_VERSION = 1;
				DYLIB_CURRENT_VERSION = 1;
				DYLIB_INSTALL_NAME_BASE = "@rpath";
				INFOPLIST_FILE = HRColorPicker/Info.plist;
				INSTALL_PATH = "$(LOCAL_LIBRARY_DIR)/Frameworks";
				LD_RUNPATH_SEARCH_PATHS = "$(inherited) @executable_path/Frameworks @loader_path/Frameworks";
				PRODUCT_BUNDLE_IDENTIFIER = com.hayashi311.HRColorPicker;
				PRODUCT_NAME = "$(TARGET_NAME:c99extidentifier)";
				SKIP_INSTALL = YES;
				TARGETED_DEVICE_FAMILY = "1,2";
			};
			name = Release;
		};
/* End XCBuildConfiguration section */

/* Begin XCConfigurationList section */
		66C8E0981FD867DD009485CC /* Build configuration list for PBXProject "HRColorPicker" */ = {
			isa = XCConfigurationList;
			buildConfigurations = (
				66C8E0A41FD867DD009485CC /* Debug */,
				66C8E0A51FD867DD009485CC /* Release */,
			);
			defaultConfigurationIsVisible = 0;
			defaultConfigurationName = Release;
		};
		66C8E0A61FD867DD009485CC /* Build configuration list for PBXNativeTarget "HRColorPicker" */ = {
			isa = XCConfigurationList;
			buildConfigurations = (
				66C8E0A71FD867DD009485CC /* Debug */,
				66C8E0A81FD867DD009485CC /* Release */,
			);
			defaultConfigurationIsVisible = 0;
			defaultConfigurationName = Release;
		};
/* End XCConfigurationList section */
	};
	rootObject = 66C8E0951FD867DD009485CC /* Project object */;
}
